
Microsoft Visual Studio Solution File, Format Version 12.00
Project("{F2A71F9B-5D33-465A-A702-920D77279786}") = "saxon", "saxon\saxon.fsproj", "{2C0CA883-1459-43D1-8A1F-6FCFE7E16751}"
EndProject
Global
	GlobalSection(SolutionConfigurationPlatforms) = preSolution
		Debug|Any CPU = Debug|Any CPU
		Release|Any CPU = Release|Any CPU
	EndGlobalSection
	GlobalSection(ProjectConfigurationPlatforms) = postSolution
		{2C0CA883-1459-43D1-8A1F-6FCFE7E16751}.Debug|Any CPU.ActiveCfg = Debug|Any CPU
		{2C0CA883-1459-43D1-8A1F-6FCFE7E16751}.Debug|Any CPU.Build.0 = Debug|Any CPU
		{2C0CA883-1459-43D1-8A1F-6FCFE7E16751}.Release|Any CPU.ActiveCfg = Release|Any CPU
		{2C0CA883-1459-43D1-8A1F-6FCFE7E16751}.Release|Any CPU.Build.0 = Release|Any CPU
	EndGlobalSection
EndGlobal
